# Code generated by scarb DO NOT EDIT.
version = 1

[[package]]
name = "alexandria_data_structures"
version = "0.2.0"
source = "git+https://github.com/keep-starknet-strange/alexandria.git?rev=01a7690#01a7690dc25d19a086f525b8ce66aa505c8e7527"
dependencies = [
 "alexandria_encoding",
]

[[package]]
name = "alexandria_encoding"
version = "0.1.0"
source = "git+https://github.com/keep-starknet-strange/alexandria.git?rev=01a7690#01a7690dc25d19a086f525b8ce66aa505c8e7527"
dependencies = [
 "alexandria_math",
]

[[package]]
name = "alexandria_math"
version = "0.2.0"
source = "git+https://github.com/keep-starknet-strange/alexandria.git?rev=01a7690#01a7690dc25d19a086f525b8ce66aa505c8e7527"
dependencies = [
 "alexandria_data_structures",
]

[[package]]
name = "alexandria_merkle_tree"
version = "0.1.0"
source = "git+https://github.com/keep-starknet-strange/alexandria.git?rev=01a7690#01a7690dc25d19a086f525b8ce66aa505c8e7527"

[[package]]
name = "alexandria_sorting"
version = "0.1.0"
source = "git+https://github.com/keep-starknet-strange/alexandria.git?rev=01a7690#01a7690dc25d19a086f525b8ce66aa505c8e7527"

[[package]]
name = "cubit"
version = "1.3.0"
source = "git+https://github.com/akhercha/cubit.git?rev=d3869a3#d3869a3f0c47e5ed229bbbfe2fce3fc0510cbc8a"

[[package]]
name = "dojo"
version = "0.5.1"
source = "git+https://github.com/dojoengine/dojo?tag=v0.6.0-alpha.2#db0c4d783c3626a8d69d5035e2ae352595d86763"
dependencies = [
 "dojo_plugin",
]

[[package]]
name = "dojo_plugin"
version = "0.3.11"
source = "git+https://github.com/dojoengine/dojo?tag=v0.3.11#1e651b5d4d3b79b14a7d8aa29a92062fcb9e6659"

[[package]]
name = "orion"
version = "0.1.9"
source = "git+https://github.com/gizatechxyz/orion.git?rev=v0.1.9#93c797b963470697ca68eb46dc93ecf70eacf0a1"
dependencies = [
 "alexandria_data_structures",
 "alexandria_merkle_tree",
 "alexandria_sorting",
 "cubit",
]

[[package]]
name = "pixelaw"
version = "0.1.26"
source = "git+https://github.com/pixelaw/core?tag=v0.1.26#cafb3faaee96e48e3dea95c7a3f00bad6cd2d755"
dependencies = [
 "dojo",
]

[[package]]
name = "sequential_1_dense_1_biasadd_readvariableop_0"
version = "0.1.0"
dependencies = [
 "orion",
]

[[package]]
name = "sequential_1_dense_1_matmul_readvariableop_0"
version = "0.1.0"
dependencies = [
 "orion",
]

[[package]]
name = "sequential_1_dense_2_biasadd_readvariableop_0"
version = "0.1.0"
dependencies = [
 "orion",
]

[[package]]
name = "sequential_1_dense_2_matmul_readvariableop_0"
version = "0.1.0"
dependencies = [
 "orion",
]

[[package]]
name = "sequential_1_dense_3_biasadd_readvariableop_0"
version = "0.1.0"
dependencies = [
 "orion",
]

[[package]]
name = "sequential_1_dense_3_matmul_readvariableop_0"
version = "0.1.0"
dependencies = [
 "orion",
]

[[package]]
name = "tictactoe"
version = "0.0.1"
dependencies = [
 "orion",
 "pixelaw",
 "sequential_1_dense_1_biasadd_readvariableop_0",
 "sequential_1_dense_1_matmul_readvariableop_0",
 "sequential_1_dense_2_biasadd_readvariableop_0",
 "sequential_1_dense_2_matmul_readvariableop_0",
 "sequential_1_dense_3_biasadd_readvariableop_0",
 "sequential_1_dense_3_matmul_readvariableop_0",
]
