# Code generated by scarb DO NOT EDIT.
version = 1

[[package]]
name = "dojo"
version = "0.3.10"
source = "git+https://github.com/dojoengine/dojo?tag=v0.3.10#be1676252c41f8188465741edcbcb381d2c12080"
dependencies = [
 "dojo_plugin",
]

[[package]]
name = "dojo_plugin"
version = "0.3.10"

[[package]]
name = "hunter"
version = "0.0.1"
dependencies = [
 "pixelaw",
]

[[package]]
name = "pixelaw"
version = "0.1.0"
source = "git+https://github.com/pixelaw/core?tag=v0.0.7#b56d1bb8a12c381cd779f5db5028789e99144281"
dependencies = [
 "dojo",
]
