# Code generated by scarb DO NOT EDIT.
version = 1

[[package]]
name = "dojo"
version = "1.7.1"
source = "registry+https://scarbs.xyz/"
checksum = "sha256:b792d9c526269f5265dd89f063da5db8daebb461f2dec2cdb712f420187b39a8"
dependencies = [
 "dojo_cairo_macros",
]

[[package]]
name = "dojo_cairo_macros"
version = "1.8.0"
source = "registry+https://scarbs.xyz/"
checksum = "sha256:c4aa04037a0c5029b05b78229dae22bf02269b9912e8a8c12f8af34aa6b72051"

[[package]]
name = "dojo_cairo_test"
version = "1.7.1"
source = "registry+https://scarbs.xyz/"
checksum = "sha256:93fba9557e34d0aa0903092e8f32560b0ce72b66dceea2a51fd571b1217351e3"
dependencies = [
 "dojo",
]

[[package]]
name = "pix2048"
version = "0.0.0"
dependencies = [
 "dojo",
 "dojo_cairo_test",
 "pixelaw",
 "pixelaw_test_utils",
]

[[package]]
name = "pixelaw"
version = "0.7.9"
source = "git+https://github.com/pixelaw/core?branch=main#bb0f99dc8e34bcd6bd6e2049e00443a42fcb4d3d"
dependencies = [
 "dojo",
]

[[package]]
name = "pixelaw_test_utils"
version = "0.7.9"
source = "git+https://github.com/pixelaw/core?branch=main#bb0f99dc8e34bcd6bd6e2049e00443a42fcb4d3d"
dependencies = [
 "dojo",
 "dojo_cairo_test",
 "pixelaw",
]
