# Code generated by scarb DO NOT EDIT.
version = 1

[[package]]
name = "dojo"
version = "1.0.0-alpha.4"
source = "git+https://github.com/dojoengine/dojo?tag=v1.0.0-alpha.13#9f95a68a957d45190a1e1c42877a4b828ab7a96d"

[[package]]
name = "pix2048"
version = "0.0.0"
dependencies = [
 "dojo",
 "pixelaw",
]

[[package]]
name = "pixelaw"
version = "0.3.50"
source = "git+https://github.com/pixelaw/core?branch=feat%2Fup-v12#c891fc36c37db833915400b5cab2e51a59a91d2f"
dependencies = [
 "dojo",
]
