# Code generated by scarb DO NOT EDIT.
version = 1

[[package]]
name = "dojo"
version = "1.6.2"
source = "git+https://github.com/dojoengine/dojo?tag=v1.6.2#d6e847c51ecd0121a43c2a17b96dbca936604764"
dependencies = [
 "dojo_plugin",
]

[[package]]
name = "dojo_cairo_test"
version = "1.6.2"
source = "git+https://github.com/dojoengine/dojo?tag=v1.6.2#d6e847c51ecd0121a43c2a17b96dbca936604764"
dependencies = [
 "dojo",
]

[[package]]
name = "dojo_plugin"
version = "2.10.1"
source = "git+https://github.com/dojoengine/dojo?tag=v1.6.2#d6e847c51ecd0121a43c2a17b96dbca936604764"

[[package]]
name = "pixelaw"
version = "0.7.9"
source = "git+https://github.com/pixelaw/core?tag=v0.7.9#40313e650b145faa4d8f6eb525fbfa0e2b58a5bf"
dependencies = [
 "dojo",
]

[[package]]
name = "pixelaw_testing"
version = "0.7.9"
source = "git+https://github.com/pixelaw/core?tag=v0.7.9#40313e650b145faa4d8f6eb525fbfa0e2b58a5bf"
dependencies = [
 "dojo",
 "dojo_cairo_test",
 "pixelaw",
]

[[package]]
name = "rps"
version = "0.0.0"
dependencies = [
 "dojo",
 "dojo_cairo_test",
 "pixelaw",
 "pixelaw_testing",
]
