# Code generated by scarb DO NOT EDIT.
version = 1

[[package]]
name = "dojo"
version = "1.2.1"
source = "git+https://github.com/dojoengine/dojo?tag=v1.2.1#3d4b1a3e662f70679813f9fb65c0b5c7fa5d6f0a"
dependencies = [
 "dojo_plugin",
]

[[package]]
name = "dojo_plugin"
version = "2.9.2"
source = "git+https://github.com/dojoengine/dojo?tag=v1.2.1#3d4b1a3e662f70679813f9fb65c0b5c7fa5d6f0a"

[[package]]
name = "pixelaw"
version = "0.6.13"
source = "git+https://github.com/pixelaw/core?tag=v0.6.13#3205132f87604e56f62bcc97c1c2a2b14a536097"
dependencies = [
 "dojo",
]

[[package]]
name = "rps"
version = "0.0.0"
dependencies = [
 "dojo",
 "pixelaw",
]
